<?xml version="1.0" encoding="utf-8"?>
<Project ToolsVersion="17.0" xmlns="http://schemas.microsoft.com/developer/msbuild/2003">
  <ItemGroup>
    <ClCompile Include="\source\JUCE\modules\juce_audio_plugin_client\juce_audio_plugin_client_AAX.cpp">
      <Filter>Source Files</Filter>
    </ClCompile>
    <ClCompile Include="\source\JUCE\modules\juce_audio_plugin_client\juce_audio_plugin_client_AAX_utils.cpp">
      <Filter>Source Files</Filter>
    </ClCompile>
    <ClCompile Include="\source\JUCE\modules\juce_audio_plugin_client\juce_audio_plugin_client_ARA.cpp">
      <Filter>Source Files</Filter>
    </ClCompile>
    <ClCompile Include="\source\JUCE\modules\juce_audio_plugin_client\juce_audio_plugin_client_LV2.cpp">
      <Filter>Source Files</Filter>
    </ClCompile>
    <ClCompile Include="\source\JUCE\modules\juce_audio_plugin_client\juce_audio_plugin_client_Standalone.cpp">
      <Filter>Source Files</Filter>
    </ClCompile>
    <ClCompile Include="\source\JUCE\modules\juce_audio_plugin_client\juce_audio_plugin_client_Unity.cpp">
      <Filter>Source Files</Filter>
    </ClCompile>
    <ClCompile Include="\source\JUCE\modules\juce_audio_plugin_client\juce_audio_plugin_client_VST2.cpp">
      <Filter>Source Files</Filter>
    </ClCompile>
    <ClCompile Include="\source\JUCE\modules\juce_audio_plugin_client\juce_audio_plugin_client_VST3.cpp">
      <Filter>Source Files</Filter>
    </ClCompile>
  </ItemGroup>
  <ItemGroup>
    <CustomBuild Include="D:\myCode\measurements\ds1\CMakeLists.txt" />
  </ItemGroup>
  <ItemGroup>
    <Object Include="D:\myCode\measurements\ds1\build_recheck\Ds1_rc_lib.dir\$(Configuration)\Ds1_resources.res">
      <Filter>Object Libraries</Filter>
    </Object>
  </ItemGroup>
  <ItemGroup>
    <Filter Include="Object Libraries">
      <UniqueIdentifier>{1FE9B231-286A-323C-B7CC-6E91B7A01931}</UniqueIdentifier>
    </Filter>
    <Filter Include="Source Files">
      <UniqueIdentifier>{20A10D5B-B990-3E23-BBB6-A7BE8DFAB057}</UniqueIdentifier>
    </Filter>
  </ItemGroup>
</Project>
