<?xml version="1.0" encoding="utf-8"?>
<Project ToolsVersion="17.0" xmlns="http://schemas.microsoft.com/developer/msbuild/2003">
  <ItemGroup>
    <CustomBuild Include="D:\myCode\measurements\ds1\build_recheck\CMakeFiles\c36a255565ed18e0b14b8f350948c8b4\Continuous.rule">
      <Filter>CMake Rules</Filter>
    </CustomBuild>
    <CustomBuild Include="D:\myCode\NuDSP\CMakeLists.txt" />
  </ItemGroup>
  <ItemGroup>
    <None Include="D:\myCode\measurements\ds1\build_recheck\minibuss\NuDSP\CMakeFiles\Continuous" />
  </ItemGroup>
  <ItemGroup>
    <Filter Include="CMake Rules">
      <UniqueIdentifier>{363080F4-2871-3979-B12A-1D926B2AAF88}</UniqueIdentifier>
    </Filter>
  </ItemGroup>
</Project>
