
Microsoft Visual Studio Solution File, Format Version 12.00
# Visual Studio Version 17
Project("{2150E333-8FDC-42A3-9474-1A3956D46DE8}") = "CMakePredefinedTargets", "CMakePredefinedTargets", "{BE93A696-7E81-361E-A1FC-007DC47A462B}"
EndProject
Project("{2150E333-8FDC-42A3-9474-1A3956D46DE8}") = "CTestDashboardTargets", "CTestDashboardTargets", "{71FB2F5F-D856-3C66-AF80-DB522055731B}"
EndProject
Project("{8BC9CEB8-8B4A-11D0-8D11-00A0C91BC942}") = "ALL_BUILD", "ALL_BUILD.vcxproj", "{E624CBB7-D80C-3143-8D57-38122F297808}"
	ProjectSection(ProjectDependencies) = postProject
		{0E128941-1B66-3526-BA13-3228456F9E99} = {0E128941-1B66-3526-BA13-3228456F9E99}
		{71598FAA-8164-3EFD-9D77-AFC548BAF0C6} = {71598FAA-8164-3EFD-9D77-AFC548BAF0C6}
	EndProjectSection
EndProject
Project("{8BC9CEB8-8B4A-11D0-8D11-00A0C91BC942}") = "Continuous", "Continuous.vcxproj", "{882F325F-BB44-3868-BCE2-72692839117C}"
	ProjectSection(ProjectDependencies) = postProject
		{0E128941-1B66-3526-BA13-3228456F9E99} = {0E128941-1B66-3526-BA13-3228456F9E99}
	EndProjectSection
EndProject
Project("{8BC9CEB8-8B4A-11D0-8D11-00A0C91BC942}") = "Experimental", "Experimental.vcxproj", "{A8403E30-A868-36B1-9623-2D601C9796A4}"
	ProjectSection(ProjectDependencies) = postProject
		{0E128941-1B66-3526-BA13-3228456F9E99} = {0E128941-1B66-3526-BA13-3228456F9E99}
	EndProjectSection
EndProject
Project("{8BC9CEB8-8B4A-11D0-8D11-00A0C91BC942}") = "INSTALL", "INSTALL.vcxproj", "{1ECA3E8E-3972-3127-B138-362A03E72C4D}"
	ProjectSection(ProjectDependencies) = postProject
		{E624CBB7-D80C-3143-8D57-38122F297808} = {E624CBB7-D80C-3143-8D57-38122F297808}
		{0E128941-1B66-3526-BA13-3228456F9E99} = {0E128941-1B66-3526-BA13-3228456F9E99}
	EndProjectSection
EndProject
Project("{8BC9CEB8-8B4A-11D0-8D11-00A0C91BC942}") = "Nightly", "Nightly.vcxproj", "{3CBE1C07-34BB-3604-A26A-0F89C829EF33}"
	ProjectSection(ProjectDependencies) = postProject
		{0E128941-1B66-3526-BA13-3228456F9E99} = {0E128941-1B66-3526-BA13-3228456F9E99}
	EndProjectSection
EndProject
Project("{8BC9CEB8-8B4A-11D0-8D11-00A0C91BC942}") = "NightlyMemoryCheck", "NightlyMemoryCheck.vcxproj", "{68C8706B-2406-35B0-8BF5-6BF934DF0E65}"
	ProjectSection(ProjectDependencies) = postProject
		{0E128941-1B66-3526-BA13-3228456F9E99} = {0E128941-1B66-3526-BA13-3228456F9E99}
	EndProjectSection
EndProject
Project("{8BC9CEB8-8B4A-11D0-8D11-00A0C91BC942}") = "PACKAGE", "PACKAGE.vcxproj", "{6533E9D5-2AC8-346B-B4A9-97B7DD0ADD37}"
	ProjectSection(ProjectDependencies) = postProject
		{E624CBB7-D80C-3143-8D57-38122F297808} = {E624CBB7-D80C-3143-8D57-38122F297808}
		{0E128941-1B66-3526-BA13-3228456F9E99} = {0E128941-1B66-3526-BA13-3228456F9E99}
	EndProjectSection
EndProject
Project("{8BC9CEB8-8B4A-11D0-8D11-00A0C91BC942}") = "ZERO_CHECK", "..\..\\ZERO_CHECK.vcxproj", "{0E128941-1B66-3526-BA13-3228456F9E99}"
	ProjectSection(ProjectDependencies) = postProject
	EndProjectSection
EndProject
Project("{8BC9CEB8-8B4A-11D0-8D11-00A0C91BC942}") = "nudsp", "nudsp.vcxproj", "{71598FAA-8164-3EFD-9D77-AFC548BAF0C6}"
	ProjectSection(ProjectDependencies) = postProject
		{0E128941-1B66-3526-BA13-3228456F9E99} = {0E128941-1B66-3526-BA13-3228456F9E99}
	EndProjectSection
EndProject
Global
	GlobalSection(SolutionConfigurationPlatforms) = preSolution
		Debug|x64 = Debug|x64
		Release|x64 = Release|x64
		MinSizeRel|x64 = MinSizeRel|x64
		RelWithDebInfo|x64 = RelWithDebInfo|x64
	EndGlobalSection
	GlobalSection(ProjectConfigurationPlatforms) = postSolution
		{E624CBB7-D80C-3143-8D57-38122F297808}.Debug|x64.ActiveCfg = Debug|x64
		{E624CBB7-D80C-3143-8D57-38122F297808}.Debug|x64.Build.0 = Debug|x64
		{E624CBB7-D80C-3143-8D57-38122F297808}.Release|x64.ActiveCfg = Release|x64
		{E624CBB7-D80C-3143-8D57-38122F297808}.Release|x64.Build.0 = Release|x64
		{E624CBB7-D80C-3143-8D57-38122F297808}.MinSizeRel|x64.ActiveCfg = MinSizeRel|x64
		{E624CBB7-D80C-3143-8D57-38122F297808}.MinSizeRel|x64.Build.0 = MinSizeRel|x64
		{E624CBB7-D80C-3143-8D57-38122F297808}.RelWithDebInfo|x64.ActiveCfg = RelWithDebInfo|x64
		{E624CBB7-D80C-3143-8D57-38122F297808}.RelWithDebInfo|x64.Build.0 = RelWithDebInfo|x64
		{882F325F-BB44-3868-BCE2-72692839117C}.Debug|x64.ActiveCfg = Debug|x64
		{882F325F-BB44-3868-BCE2-72692839117C}.Release|x64.ActiveCfg = Release|x64
		{882F325F-BB44-3868-BCE2-72692839117C}.MinSizeRel|x64.ActiveCfg = MinSizeRel|x64
		{882F325F-BB44-3868-BCE2-72692839117C}.RelWithDebInfo|x64.ActiveCfg = RelWithDebInfo|x64
		{A8403E30-A868-36B1-9623-2D601C9796A4}.Debug|x64.ActiveCfg = Debug|x64
		{A8403E30-A868-36B1-9623-2D601C9796A4}.Release|x64.ActiveCfg = Release|x64
		{A8403E30-A868-36B1-9623-2D601C9796A4}.MinSizeRel|x64.ActiveCfg = MinSizeRel|x64
		{A8403E30-A868-36B1-9623-2D601C9796A4}.RelWithDebInfo|x64.ActiveCfg = RelWithDebInfo|x64
		{1ECA3E8E-3972-3127-B138-362A03E72C4D}.Debug|x64.ActiveCfg = Debug|x64
		{1ECA3E8E-3972-3127-B138-362A03E72C4D}.Release|x64.ActiveCfg = Release|x64
		{1ECA3E8E-3972-3127-B138-362A03E72C4D}.MinSizeRel|x64.ActiveCfg = MinSizeRel|x64
		{1ECA3E8E-3972-3127-B138-362A03E72C4D}.RelWithDebInfo|x64.ActiveCfg = RelWithDebInfo|x64
		{3CBE1C07-34BB-3604-A26A-0F89C829EF33}.Debug|x64.ActiveCfg = Debug|x64
		{3CBE1C07-34BB-3604-A26A-0F89C829EF33}.Release|x64.ActiveCfg = Release|x64
		{3CBE1C07-34BB-3604-A26A-0F89C829EF33}.MinSizeRel|x64.ActiveCfg = MinSizeRel|x64
		{3CBE1C07-34BB-3604-A26A-0F89C829EF33}.RelWithDebInfo|x64.ActiveCfg = RelWithDebInfo|x64
		{68C8706B-2406-35B0-8BF5-6BF934DF0E65}.Debug|x64.ActiveCfg = Debug|x64
		{68C8706B-2406-35B0-8BF5-6BF934DF0E65}.Release|x64.ActiveCfg = Release|x64
		{68C8706B-2406-35B0-8BF5-6BF934DF0E65}.MinSizeRel|x64.ActiveCfg = MinSizeRel|x64
		{68C8706B-2406-35B0-8BF5-6BF934DF0E65}.RelWithDebInfo|x64.ActiveCfg = RelWithDebInfo|x64
		{6533E9D5-2AC8-346B-B4A9-97B7DD0ADD37}.Debug|x64.ActiveCfg = Debug|x64
		{6533E9D5-2AC8-346B-B4A9-97B7DD0ADD37}.Release|x64.ActiveCfg = Release|x64
		{6533E9D5-2AC8-346B-B4A9-97B7DD0ADD37}.MinSizeRel|x64.ActiveCfg = MinSizeRel|x64
		{6533E9D5-2AC8-346B-B4A9-97B7DD0ADD37}.RelWithDebInfo|x64.ActiveCfg = RelWithDebInfo|x64
		{0E128941-1B66-3526-BA13-3228456F9E99}.Debug|x64.ActiveCfg = Debug|x64
		{0E128941-1B66-3526-BA13-3228456F9E99}.Debug|x64.Build.0 = Debug|x64
		{0E128941-1B66-3526-BA13-3228456F9E99}.Release|x64.ActiveCfg = Release|x64
		{0E128941-1B66-3526-BA13-3228456F9E99}.Release|x64.Build.0 = Release|x64
		{0E128941-1B66-3526-BA13-3228456F9E99}.MinSizeRel|x64.ActiveCfg = MinSizeRel|x64
		{0E128941-1B66-3526-BA13-3228456F9E99}.MinSizeRel|x64.Build.0 = MinSizeRel|x64
		{0E128941-1B66-3526-BA13-3228456F9E99}.RelWithDebInfo|x64.ActiveCfg = RelWithDebInfo|x64
		{0E128941-1B66-3526-BA13-3228456F9E99}.RelWithDebInfo|x64.Build.0 = RelWithDebInfo|x64
		{71598FAA-8164-3EFD-9D77-AFC548BAF0C6}.Debug|x64.ActiveCfg = Debug|x64
		{71598FAA-8164-3EFD-9D77-AFC548BAF0C6}.Debug|x64.Build.0 = Debug|x64
		{71598FAA-8164-3EFD-9D77-AFC548BAF0C6}.Release|x64.ActiveCfg = Release|x64
		{71598FAA-8164-3EFD-9D77-AFC548BAF0C6}.Release|x64.Build.0 = Release|x64
		{71598FAA-8164-3EFD-9D77-AFC548BAF0C6}.MinSizeRel|x64.ActiveCfg = MinSizeRel|x64
		{71598FAA-8164-3EFD-9D77-AFC548BAF0C6}.MinSizeRel|x64.Build.0 = MinSizeRel|x64
		{71598FAA-8164-3EFD-9D77-AFC548BAF0C6}.RelWithDebInfo|x64.ActiveCfg = RelWithDebInfo|x64
		{71598FAA-8164-3EFD-9D77-AFC548BAF0C6}.RelWithDebInfo|x64.Build.0 = RelWithDebInfo|x64
	EndGlobalSection
	GlobalSection(NestedProjects) = preSolution
		{E624CBB7-D80C-3143-8D57-38122F297808} = {BE93A696-7E81-361E-A1FC-007DC47A462B}
		{1ECA3E8E-3972-3127-B138-362A03E72C4D} = {BE93A696-7E81-361E-A1FC-007DC47A462B}
		{6533E9D5-2AC8-346B-B4A9-97B7DD0ADD37} = {BE93A696-7E81-361E-A1FC-007DC47A462B}
		{0E128941-1B66-3526-BA13-3228456F9E99} = {BE93A696-7E81-361E-A1FC-007DC47A462B}
		{882F325F-BB44-3868-BCE2-72692839117C} = {71FB2F5F-D856-3C66-AF80-DB522055731B}
		{A8403E30-A868-36B1-9623-2D601C9796A4} = {71FB2F5F-D856-3C66-AF80-DB522055731B}
		{3CBE1C07-34BB-3604-A26A-0F89C829EF33} = {71FB2F5F-D856-3C66-AF80-DB522055731B}
		{68C8706B-2406-35B0-8BF5-6BF934DF0E65} = {71FB2F5F-D856-3C66-AF80-DB522055731B}
	EndGlobalSection
	GlobalSection(ExtensibilityGlobals) = postSolution
		SolutionGuid = {7C9A6FED-7B48-3EFD-ACC2-39E4148E4360}
	EndGlobalSection
	GlobalSection(ExtensibilityAddIns) = postSolution
	EndGlobalSection
EndGlobal
