<?xml version="1.0" encoding="utf-8"?>
<Project ToolsVersion="17.0" xmlns="http://schemas.microsoft.com/developer/msbuild/2003">
  <ItemGroup>
    <ClCompile Include="D:\myCode\measurements\audio_effect_framework\Source\AudioEffectFrameworkProcessor.cpp">
      <Filter>Source Files</Filter>
    </ClCompile>
    <ClCompile Include="D:\myCode\measurements\audio_effect_framework\Source\MinibussEffectEngine.cpp">
      <Filter>Source Files</Filter>
    </ClCompile>
    <ClCompile Include="D:\myCode\measurements\audio_effect_framework\Source\MiddleProcessorEffectEngine.cpp">
      <Filter>Source Files</Filter>
    </ClCompile>
    <ClCompile Include="D:\myCode\measurements\audio_effect_framework\Source\EffectHeaderComponent.cpp">
      <Filter>Source Files</Filter>
    </ClCompile>
    <ClCompile Include="D:\myCode\measurements\audio_effect_framework\Source\EffectFooterComponent.cpp">
      <Filter>Source Files</Filter>
    </ClCompile>
    <ClCompile Include="D:\myCode\measurements\audio_effect_framework\Source\TunerOverlayComponent.cpp">
      <Filter>Source Files</Filter>
    </ClCompile>
    <ClCompile Include="D:\myCode\measurements\audio_effect_framework\Source\SpectrumOverlayComponent.cpp">
      <Filter>Source Files</Filter>
    </ClCompile>
    <ClCompile Include="D:\myCode\measurements\audio_effect_framework\Source\SpectrumCurveComponent.cpp">
      <Filter>Source Files</Filter>
    </ClCompile>
    <ClCompile Include="D:\myCode\measurements\audio_effect_framework\Source\AppSettingsPanel.cpp">
      <Filter>Source Files</Filter>
    </ClCompile>
    <ClCompile Include="D:\myCode\measurements\audio_effect_framework\Source\NoiseGateSettingsPanel.cpp">
      <Filter>Source Files</Filter>
    </ClCompile>
    <ClCompile Include="D:\myCode\measurements\audio_effect_framework\Source\PeakDisplaySettingsPanel.cpp">
      <Filter>Source Files</Filter>
    </ClCompile>
    <ClCompile Include="D:\myCode\measurements\audio_effect_framework\Source\CalibrationSettingsPanel.cpp">
      <Filter>Source Files</Filter>
    </ClCompile>
    <ClCompile Include="D:\myCode\measurements\audio_effect_framework\Source\EffectTopologyChainComponent.cpp">
      <Filter>Source Files</Filter>
    </ClCompile>
    <ClCompile Include="D:\myCode\measurements\audio_effect_framework\Source\TopologySettingsPanel.cpp">
      <Filter>Source Files</Filter>
    </ClCompile>
    <ClCompile Include="D:\myCode\measurements\audio_effect_framework\Source\OversamplingSettingsPanel.cpp">
      <Filter>Source Files</Filter>
    </ClCompile>
    <ClCompile Include="D:\myCode\measurements\audio_effect_framework\Source\CompressorCurveComponent.cpp">
      <Filter>Source Files</Filter>
    </ClCompile>
    <ClCompile Include="D:\myCode\measurements\audio_effect_framework\Source\JackCaptureRouting.cpp">
      <Filter>Source Files</Filter>
    </ClCompile>
    <ClCompile Include="D:\myCode\AtomTheme\demos\collections_app\AudioSettingsPanel.cpp">
      <Filter>Source Files</Filter>
    </ClCompile>
    <ClCompile Include="\source\JUCE\modules\juce_audio_processors\juce_audio_processors.cpp">
      <Filter>Source Files</Filter>
    </ClCompile>
    <ClCompile Include="\source\JUCE\modules\juce_audio_processors\juce_audio_processors_ara.cpp">
      <Filter>Source Files</Filter>
    </ClCompile>
    <ClCompile Include="\source\JUCE\modules\juce_audio_processors\juce_audio_processors_lv2_libs.cpp">
      <Filter>Source Files</Filter>
    </ClCompile>
    <ClCompile Include="\source\JUCE\modules\juce_gui_extra\juce_gui_extra.cpp">
      <Filter>Source Files</Filter>
    </ClCompile>
    <ClCompile Include="\source\JUCE\modules\juce_gui_basics\juce_gui_basics.cpp">
      <Filter>Source Files</Filter>
    </ClCompile>
    <ClCompile Include="\source\JUCE\modules\juce_graphics\juce_graphics.cpp">
      <Filter>Source Files</Filter>
    </ClCompile>
    <ClCompile Include="\source\JUCE\modules\juce_graphics\juce_graphics_Harfbuzz.cpp">
      <Filter>Source Files</Filter>
    </ClCompile>
    <ClCompile Include="\source\JUCE\modules\juce_graphics\juce_graphics_Sheenbidi.c">
      <Filter>Source Files</Filter>
    </ClCompile>
    <ClCompile Include="\source\JUCE\modules\juce_events\juce_events.cpp">
      <Filter>Source Files</Filter>
    </ClCompile>
    <ClCompile Include="\source\JUCE\modules\juce_core\juce_core.cpp">
      <Filter>Source Files</Filter>
    </ClCompile>
    <ClCompile Include="\source\JUCE\modules\juce_core\juce_core_CompilationTime.cpp">
      <Filter>Source Files</Filter>
    </ClCompile>
    <ClCompile Include="\source\JUCE\modules\juce_data_structures\juce_data_structures.cpp">
      <Filter>Source Files</Filter>
    </ClCompile>
    <ClCompile Include="\source\JUCE\modules\juce_audio_basics\juce_audio_basics.cpp">
      <Filter>Source Files</Filter>
    </ClCompile>
    <ClCompile Include="\source\JUCE\modules\juce_audio_utils\juce_audio_utils.cpp">
      <Filter>Source Files</Filter>
    </ClCompile>
    <ClCompile Include="\source\JUCE\modules\juce_audio_formats\juce_audio_formats.cpp">
      <Filter>Source Files</Filter>
    </ClCompile>
    <ClCompile Include="\source\JUCE\modules\juce_audio_devices\juce_audio_devices.cpp">
      <Filter>Source Files</Filter>
    </ClCompile>
    <ClCompile Include="\source\JUCE\modules\juce_dsp\juce_dsp.cpp">
      <Filter>Source Files</Filter>
    </ClCompile>
    <ClCompile Include="D:\myCode\AtomTheme\modules\juce_atom_theme\juce_atom_theme.cpp">
      <Filter>Source Files</Filter>
    </ClCompile>
  </ItemGroup>
  <ItemGroup>
    <ClInclude Include="D:\myCode\measurements\audio_effect_framework\Source\AudioEffectFrameworkProcessor.h">
      <Filter>Header Files</Filter>
    </ClInclude>
    <ClInclude Include="D:\myCode\measurements\audio_effect_framework\Source\AudioEffectFrameworkEditor.h">
      <Filter>Header Files</Filter>
    </ClInclude>
    <ClInclude Include="D:\myCode\measurements\audio_effect_framework\Source\MinibussEffectEngine.h">
      <Filter>Header Files</Filter>
    </ClInclude>
    <ClInclude Include="D:\myCode\measurements\audio_effect_framework\Source\MiddleProcessorEffectEngine.h">
      <Filter>Header Files</Filter>
    </ClInclude>
    <ClInclude Include="D:\myCode\measurements\audio_effect_framework\Source\AefAudioUtils.h">
      <Filter>Header Files</Filter>
    </ClInclude>
    <ClInclude Include="D:\myCode\measurements\audio_effect_framework\Source\EffectHeaderComponent.h">
      <Filter>Header Files</Filter>
    </ClInclude>
    <ClInclude Include="D:\myCode\measurements\audio_effect_framework\Source\EffectFooterComponent.h">
      <Filter>Header Files</Filter>
    </ClInclude>
    <ClInclude Include="D:\myCode\measurements\audio_effect_framework\Source\TunerOverlayComponent.h">
      <Filter>Header Files</Filter>
    </ClInclude>
    <ClInclude Include="D:\myCode\measurements\audio_effect_framework\Source\SpectrumOverlayComponent.h">
      <Filter>Header Files</Filter>
    </ClInclude>
    <ClInclude Include="D:\myCode\measurements\audio_effect_framework\Source\SpectrumCurveComponent.h">
      <Filter>Header Files</Filter>
    </ClInclude>
    <ClInclude Include="D:\myCode\measurements\audio_effect_framework\Source\SpectrumAnalyzer.h">
      <Filter>Header Files</Filter>
    </ClInclude>
    <ClInclude Include="D:\myCode\measurements\audio_effect_framework\Source\TunerDetector.h">
      <Filter>Header Files</Filter>
    </ClInclude>
    <ClInclude Include="D:\myCode\measurements\audio_effect_framework\Source\AppSettingsPanel.h">
      <Filter>Header Files</Filter>
    </ClInclude>
    <ClInclude Include="D:\myCode\measurements\audio_effect_framework\Source\NoiseGateSettingsPanel.h">
      <Filter>Header Files</Filter>
    </ClInclude>
    <ClInclude Include="D:\myCode\measurements\audio_effect_framework\Source\PeakDisplaySettingsPanel.h">
      <Filter>Header Files</Filter>
    </ClInclude>
    <ClInclude Include="D:\myCode\measurements\audio_effect_framework\Source\CalibrationSettingsPanel.h">
      <Filter>Header Files</Filter>
    </ClInclude>
    <ClInclude Include="D:\myCode\measurements\audio_effect_framework\Source\EffectTopologyChainComponent.h">
      <Filter>Header Files</Filter>
    </ClInclude>
    <ClInclude Include="D:\myCode\measurements\audio_effect_framework\Source\EffectTopologyModule.h">
      <Filter>Header Files</Filter>
    </ClInclude>
    <ClInclude Include="D:\myCode\measurements\audio_effect_framework\Source\TopologySettingsPanel.h">
      <Filter>Header Files</Filter>
    </ClInclude>
    <ClInclude Include="D:\myCode\measurements\audio_effect_framework\Source\OversamplingSettingsPanel.h">
      <Filter>Header Files</Filter>
    </ClInclude>
    <ClInclude Include="D:\myCode\measurements\audio_effect_framework\Source\MeterDisplayUtils.h">
      <Filter>Header Files</Filter>
    </ClInclude>
    <ClInclude Include="D:\myCode\measurements\audio_effect_framework\Source\CompressorCurveComponent.h">
      <Filter>Header Files</Filter>
    </ClInclude>
    <ClInclude Include="D:\myCode\measurements\audio_effect_framework\Source\CompressorKnee.h">
      <Filter>Header Files</Filter>
    </ClInclude>
    <ClInclude Include="D:\myCode\measurements\audio_effect_framework\Source\PluginParameter.h">
      <Filter>Header Files</Filter>
    </ClInclude>
    <ClInclude Include="D:\myCode\measurements\audio_effect_framework\Source\JackCaptureRouting.h">
      <Filter>Header Files</Filter>
    </ClInclude>
    <ClInclude Include="D:\myCode\AtomTheme\demos\collections_app\AudioSettingsPanel.h">
      <Filter>Header Files</Filter>
    </ClInclude>
  </ItemGroup>
  <ItemGroup>
    <CustomBuild Include="D:\myCode\measurements\audio_effect_framework\CMakeLists.txt" />
  </ItemGroup>
  <ItemGroup>
    <Filter Include="Header Files">
      <UniqueIdentifier>{D630A1BE-B05F-312D-AA82-248F609F725B}</UniqueIdentifier>
    </Filter>
    <Filter Include="Source Files">
      <UniqueIdentifier>{20A10D5B-B990-3E23-BBB6-A7BE8DFAB057}</UniqueIdentifier>
    </Filter>
  </ItemGroup>
</Project>
