<?xml version="1.0" encoding="utf-8"?>
<Project ToolsVersion="17.0" xmlns="http://schemas.microsoft.com/developer/msbuild/2003">
  <ItemGroup>
    <ClCompile Include="D:\myCode\minibuss\src\plugin\known_plugin_list.cpp">
      <Filter>Source Files</Filter>
    </ClCompile>
    <ClCompile Include="D:\myCode\minibuss\src\plugin\plugin_scanner.cpp">
      <Filter>Source Files</Filter>
    </ClCompile>
    <ClCompile Include="D:\myCode\minibuss\src\plugin\plugin_format_manager.cpp">
      <Filter>Source Files</Filter>
    </ClCompile>
    <ClCompile Include="D:\myCode\minibuss\src\plugin\manifest.cpp">
      <Filter>Source Files</Filter>
    </ClCompile>
    <ClCompile Include="D:\myCode\minibuss\src\plugin\module_loader.cpp">
      <Filter>Source Files</Filter>
    </ClCompile>
    <ClCompile Include="D:\myCode\minibuss\src\plugin\static_plugin_format.cpp">
      <Filter>Source Files</Filter>
    </ClCompile>
    <ClCompile Include="D:\myCode\minibuss\src\plugin\dynamic_plugin_format.cpp">
      <Filter>Source Files</Filter>
    </ClCompile>
    <ClCompile Include="D:\myCode\minibuss\src\plugin\parameter.cpp">
      <Filter>Source Files</Filter>
    </ClCompile>
    <ClCompile Include="D:\myCode\minibuss\src\plugin\rt_event.cpp">
      <Filter>Source Files</Filter>
    </ClCompile>
    <ClCompile Include="D:\myCode\minibuss\src\plugin\processor.cpp">
      <Filter>Source Files</Filter>
    </ClCompile>
    <ClCompile Include="D:\myCode\minibuss\src\plugins\CAMEL\UTIL\gain.cpp">
      <Filter>Source Files</Filter>
    </ClCompile>
    <ClCompile Include="D:\myCode\minibuss\src\plugins\simple_gain.cpp">
      <Filter>Source Files</Filter>
    </ClCompile>
    <ClCompile Include="D:\myCode\minibuss\src\plugins\basic_synth.cpp">
      <Filter>Source Files</Filter>
    </ClCompile>
    <ClCompile Include="D:\myCode\minibuss\src\plugins\CAMEL\UTIL\level.cpp">
      <Filter>Source Files</Filter>
    </ClCompile>
    <ClCompile Include="D:\myCode\minibuss\src\plugins\CAMEL\UTIL\up_sampler.cpp">
      <Filter>Source Files</Filter>
    </ClCompile>
    <ClCompile Include="D:\myCode\minibuss\src\plugins\CAMEL\UTIL\down_sampler.cpp">
      <Filter>Source Files</Filter>
    </ClCompile>
    <ClCompile Include="D:\myCode\minibuss\src\plugins\chorus.cpp">
      <Filter>Source Files</Filter>
    </ClCompile>
    <ClCompile Include="D:\myCode\minibuss\src\plugins\mono_chorus.cpp">
      <Filter>Source Files</Filter>
    </ClCompile>
    <ClCompile Include="D:\myCode\minibuss\src\plugins\CAMEL\UTIL\noise_gate.cpp">
      <Filter>Source Files</Filter>
    </ClCompile>
    <ClCompile Include="D:\myCode\minibuss\src\plugins\phase90.cpp">
      <Filter>Source Files</Filter>
    </ClCompile>
    <ClCompile Include="D:\myCode\minibuss\src\plugins\CAMEL\UTIL\tuner.cpp">
      <Filter>Source Files</Filter>
    </ClCompile>
    <ClCompile Include="D:\myCode\minibuss\src\plugins\white_box\ds1\ds1.cpp">
      <Filter>Source Files</Filter>
    </ClCompile>
    <ClCompile Include="D:\myCode\minibuss\src\plugins\white_box\guvnor\guvnor.cpp">
      <Filter>Source Files</Filter>
    </ClCompile>
    <ClCompile Include="D:\myCode\minibuss\src\plugins\builtin_plugins.cpp">
      <Filter>Source Files</Filter>
    </ClCompile>
    <ClCompile Include="D:\myCode\minibuss\src\engine\track.cpp">
      <Filter>Source Files</Filter>
    </ClCompile>
    <ClCompile Include="D:\myCode\minibuss\src\engine\audio_graph.cpp">
      <Filter>Source Files</Filter>
    </ClCompile>
    <ClCompile Include="D:\myCode\minibuss\src\engine\processor_container.cpp">
      <Filter>Source Files</Filter>
    </ClCompile>
    <ClCompile Include="D:\myCode\minibuss\src\engine\audio_engine.cpp">
      <Filter>Source Files</Filter>
    </ClCompile>
    <ClCompile Include="D:\myCode\minibuss\src\engine\midi_dispatcher.cpp">
      <Filter>Source Files</Filter>
    </ClCompile>
    <ClCompile Include="D:\myCode\minibuss\src\frontend\audio_frontend.cpp">
      <Filter>Source Files</Filter>
    </ClCompile>
    <ClCompile Include="D:\myCode\minibuss\src\frontend\embedded_frontend.cpp">
      <Filter>Source Files</Filter>
    </ClCompile>
    <ClCompile Include="D:\myCode\minibuss\src\frontend\embedded_frontend_c.cpp">
      <Filter>Source Files</Filter>
    </ClCompile>
    <ClCompile Include="D:\myCode\minibuss\src\frontend\offline_frontend.cpp">
      <Filter>Source Files</Filter>
    </ClCompile>
  </ItemGroup>
  <ItemGroup>
    <CustomBuild Include="D:\myCode\minibuss\CMakeLists.txt" />
  </ItemGroup>
  <ItemGroup>
    <Filter Include="Source Files">
      <UniqueIdentifier>{20A10D5B-B990-3E23-BBB6-A7BE8DFAB057}</UniqueIdentifier>
    </Filter>
  </ItemGroup>
</Project>
